<?xml version="1.0" encoding="utf-8"?>
<Project ToolsVersion="4.0" xmlns="http://schemas.microsoft.com/developer/msbuild/2003">
  <ItemGroup>
    <Filter Include="Scenes">
      <UniqueIdentifier>{5815f7db-2606-4a9a-bb95-88dfabdda6c1}</UniqueIdentifier>
    </Filter>
    <Filter Include="Game Objects">
      <UniqueIdentifier>{4df01ff0-0e04-4c4d-ac5d-b7efa07fd705}</UniqueIdentifier>
    </Filter>
    <Filter Include="Managers">
      <UniqueIdentifier>{51ce5c17-6a00-499a-87ee-383140ca7329}</UniqueIdentifier>
    </Filter>
    <Filter Include="Enums">
      <UniqueIdentifier>{69bcf506-2bc6-4cdf-8f1d-6d6aff28c8e3}</UniqueIdentifier>
    </Filter>
    <Filter Include="UI Objects">
      <UniqueIdentifier>{13b438a9-fe07-4e57-b35e-8520b0f63a82}</UniqueIdentifier>
    </Filter>
    <Filter Include="Components">
      <UniqueIdentifier>{b7c412c5-8c88-4ab0-9c43-1843d4be5de1}</UniqueIdentifier>
    </Filter>
    <Filter Include="Singletons">
      <UniqueIdentifier>{9203a419-8eff-43d5-ba62-a14ed1c0da55}</UniqueIdentifier>
    </Filter>
    <Filter Include="Core">
      <UniqueIdentifier>{21657abb-080f-4d0e-bc26-e9581cebc5a3}</UniqueIdentifier>
    </Filter>
    <Filter Include="IMGUI">
      <UniqueIdentifier>{c2c3b1d2-add5-45c2-af91-b66dda24fa0d}</UniqueIdentifier>
    </Filter>
    <Filter Include="DOCS">
      <UniqueIdentifier>{a44d29c3-2835-4901-a310-0039121b84b9}</UniqueIdentifier>
    </Filter>
    <Filter Include="Navigation">
      <UniqueIdentifier>{ff824d54-3541-4db0-b7f5-528d84de4d5a}</UniqueIdentifier>
    </Filter>
    <Filter Include="Decision">
      <UniqueIdentifier>{892042b5-91fc-463a-a356-4c3f8c7c3631}</UniqueIdentifier>
    </Filter>
    <Filter Include="Decision\Actions">
      <UniqueIdentifier>{3f83d490-67d2-4cae-aeeb-6fc547b6933f}</UniqueIdentifier>
    </Filter>
    <Filter Include="Decision\Conditions">
      <UniqueIdentifier>{ab06a981-c121-4028-9e80-50b503d05d98}</UniqueIdentifier>
    </Filter>
    <Filter Include="Decision\Agents">
      <UniqueIdentifier>{7260161c-8076-4c0c-a9bc-ec8df112ffa8}</UniqueIdentifier>
    </Filter>
    <Filter Include="Decision\Core Compents">
      <UniqueIdentifier>{ccda52d3-0b8c-467a-b3fb-a15d5f609a67}</UniqueIdentifier>
    </Filter>
    <Filter Include="StateMachine">
      <UniqueIdentifier>{74f28e65-815e-40c8-9220-f6222a2435a1}</UniqueIdentifier>
    </Filter>
    <Filter Include="StateMachine\CoreComponents">
      <UniqueIdentifier>{39ff2608-daca-47ba-bd56-5dc654d07043}</UniqueIdentifier>
    </Filter>
    <Filter Include="StateMachine\Actions">
      <UniqueIdentifier>{382cde0d-77e6-46c2-b739-48c9150347b7}</UniqueIdentifier>
    </Filter>
    <Filter Include="StateMachine\Conditions">
      <UniqueIdentifier>{0325443d-cd19-4c68-ac39-7d5f192d7dcb}</UniqueIdentifier>
    </Filter>
    <Filter Include="Decision\Trees">
      <UniqueIdentifier>{d90239f9-27c9-476e-b9a9-5ca80f7685c5}</UniqueIdentifier>
    </Filter>
  </ItemGroup>
  <ItemGroup>
    <ClCompile Include="..\src\StartScene.cpp">
      <Filter>Scenes</Filter>
    </ClCompile>
    <ClCompile Include="..\src\EndScene.cpp">
      <Filter>Scenes</Filter>
    </ClCompile>
    <ClCompile Include="..\src\CollisionManager.cpp">
      <Filter>Managers</Filter>
    </ClCompile>
    <ClCompile Include="..\src\FontManager.cpp">
      <Filter>Managers</Filter>
    </ClCompile>
    <ClCompile Include="..\src\SoundManager.cpp">
      <Filter>Managers</Filter>
    </ClCompile>
    <ClCompile Include="..\src\TextureManager.cpp">
      <Filter>Managers</Filter>
    </ClCompile>
    <ClCompile Include="..\src\Player.cpp">
      <Filter>Game Objects</Filter>
    </ClCompile>
    <ClCompile Include="..\src\PlayScene.cpp">
      <Filter>Scenes</Filter>
    </ClCompile>
    <ClCompile Include="..\src\Button.cpp">
      <Filter>UI Objects</Filter>
    </ClCompile>
    <ClCompile Include="..\src\Label.cpp">
      <Filter>UI Objects</Filter>
    </ClCompile>
    <ClCompile Include="..\src\Renderer.cpp">
      <Filter>Singletons</Filter>
    </ClCompile>
    <ClCompile Include="..\src\Game.cpp">
      <Filter>Singletons</Filter>
    </ClCompile>
    <ClCompile Include="..\src\EventManager.cpp">
      <Filter>Managers</Filter>
    </ClCompile>
    <ClCompile Include="..\src\Util.cpp">
      <Filter>Core</Filter>
    </ClCompile>
    <ClCompile Include="..\src\DisplayObject.cpp">
      <Filter>Core</Filter>
    </ClCompile>
    <ClCompile Include="..\src\GameController.cpp">
      <Filter>Core</Filter>
    </ClCompile>
    <ClCompile Include="..\src\GameObject.cpp">
      <Filter>Core</Filter>
    </ClCompile>
    <ClCompile Include="..\src\main.cpp">
      <Filter>Core</Filter>
    </ClCompile>
    <ClCompile Include="..\src\Scene.cpp">
      <Filter>Core</Filter>
    </ClCompile>
    <ClCompile Include="..\src\SpriteSheet.cpp">
      <Filter>Core</Filter>
    </ClCompile>
    <ClCompile Include="..\src\UIControl.cpp">
      <Filter>Core</Filter>
    </ClCompile>
    <ClCompile Include="..\src\Sprite.cpp">
      <Filter>Core</Filter>
    </ClCompile>
    <ClCompile Include="..\src\Plane.cpp">
      <Filter>Game Objects</Filter>
    </ClCompile>
    <ClCompile Include="..\include\IMGUI_SDL\imgui_sdl.cpp">
      <Filter>IMGUI</Filter>
    </ClCompile>
    <ClCompile Include="..\include\IMGUI\imgui.cpp">
      <Filter>IMGUI</Filter>
    </ClCompile>
    <ClCompile Include="..\include\IMGUI\imgui_demo.cpp">
      <Filter>IMGUI</Filter>
    </ClCompile>
    <ClCompile Include="..\include\IMGUI\imgui_draw.cpp">
      <Filter>IMGUI</Filter>
    </ClCompile>
    <ClCompile Include="..\include\IMGUI\imgui_widgets.cpp">
      <Filter>IMGUI</Filter>
    </ClCompile>
    <ClCompile Include="..\src\Target.cpp">
      <Filter>Navigation</Filter>
    </ClCompile>
    <ClCompile Include="..\src\Tile.cpp">
      <Filter>Navigation</Filter>
    </ClCompile>
    <ClCompile Include="..\src\NavigationObject.cpp">
      <Filter>Core</Filter>
    </ClCompile>
    <ClCompile Include="..\src\Obstacle.cpp">
      <Filter>Game Objects</Filter>
    </ClCompile>
    <ClCompile Include="..\src\SpaceShip.cpp">
      <Filter>Game Objects</Filter>
    </ClCompile>
    <ClCompile Include="..\src\Walls.cpp">
      <Filter>Navigation</Filter>
    </ClCompile>
    <ClCompile Include="..\src\ship.cpp">
      <Filter>Game Objects</Filter>
    </ClCompile>
    <ClCompile Include="..\src\Enemy.cpp">
      <Filter>Decision\Agents</Filter>
    </ClCompile>
    <ClCompile Include="..\src\PatrolAction.cpp">
      <Filter>Decision\Actions</Filter>
    </ClCompile>
    <ClCompile Include="..\src\MoveToLOSAction.cpp">
      <Filter>Decision\Actions</Filter>
    </ClCompile>
    <ClCompile Include="..\src\MoveToPlayerAction.cpp">
      <Filter>Decision\Actions</Filter>
    </ClCompile>
    <ClCompile Include="..\src\RadiusCondition.cpp">
      <Filter>Decision\Conditions</Filter>
    </ClCompile>
    <ClCompile Include="..\src\CloseCombatCondition.cpp">
      <Filter>Decision\Conditions</Filter>
    </ClCompile>
    <ClCompile Include="..\src\LOSCondition.cpp">
      <Filter>Decision\Conditions</Filter>
    </ClCompile>
    <ClCompile Include="..\src\Condition.cpp">
      <Filter>StateMachine\CoreComponents</Filter>
    </ClCompile>
    <ClCompile Include="..\src\FloatCondition.cpp">
      <Filter>StateMachine\Conditions</Filter>
    </ClCompile>
    <ClCompile Include="..\src\Attack.cpp">
      <Filter>StateMachine\Actions</Filter>
    </ClCompile>
    <ClCompile Include="..\src\Patrol.cpp">
      <Filter>StateMachine\Actions</Filter>
    </ClCompile>
    <ClCompile Include="..\src\MoveToLOS.cpp">
      <Filter>StateMachine\Actions</Filter>
    </ClCompile>
    <ClCompile Include="..\src\MoveToPlayer.cpp">
      <Filter>StateMachine\Actions</Filter>
    </ClCompile>
    <ClCompile Include="..\src\Transition.cpp">
      <Filter>StateMachine\CoreComponents</Filter>
    </ClCompile>
    <ClCompile Include="..\src\State.cpp">
      <Filter>StateMachine\CoreComponents</Filter>
    </ClCompile>
    <ClCompile Include="..\src\StateMachine.cpp">
      <Filter>StateMachine\CoreComponents</Filter>
    </ClCompile>
    <ClCompile Include="..\src\WaitBehindCover.cpp">
      <Filter>Decision\Actions</Filter>
    </ClCompile>
    <ClCompile Include="..\src\MoveToRange.cpp">
      <Filter>Decision\Actions</Filter>
    </ClCompile>
    <ClCompile Include="..\src\MoveBehindCover.cpp">
      <Filter>Decision\Actions</Filter>
    </ClCompile>
    <ClCompile Include="..\src\CloseCombatEnemy.cpp">
      <Filter>Decision\Agents</Filter>
    </ClCompile>
    <ClCompile Include="..\src\RangedCombatEnemy.cpp">
      <Filter>Decision\Agents</Filter>
    </ClCompile>
    <ClCompile Include="..\src\RangedCombatCondition.cpp">
      <Filter>Decision\Conditions</Filter>
    </ClCompile>
    <ClCompile Include="..\src\Agent.cpp">
      <Filter>Decision\Core Compents</Filter>
    </ClCompile>
    <ClCompile Include="..\src\DecisionTree.cpp">
      <Filter>Decision\Trees</Filter>
    </ClCompile>
    <ClCompile Include="..\src\CCETree.cpp">
      <Filter>Decision\Trees</Filter>
    </ClCompile>
    <ClCompile Include="..\src\RCETree.cpp">
      <Filter>Decision\Trees</Filter>
    </ClCompile>
    <ClCompile Include="..\src\CCEAttackAction.cpp">
      <Filter>Decision\Actions</Filter>
    </ClCompile>
    <ClCompile Include="..\src\RCEAttackAction.cpp">
      <Filter>Decision\Actions</Filter>
    </ClCompile>
    <ClCompile Include="..\src\Bullet.cpp">
      <Filter>Game Objects</Filter>
    </ClCompile>
  </ItemGroup>
  <ItemGroup>
    <ClInclude Include="..\src\StartScene.h">
      <Filter>Scenes</Filter>
    </ClInclude>
    <ClInclude Include="..\src\EndScene.h">
      <Filter>Scenes</Filter>
    </ClInclude>
    <ClInclude Include="..\src\CollisionManager.h">
      <Filter>Managers</Filter>
    </ClInclude>
    <ClInclude Include="..\src\FontManager.h">
      <Filter>Managers</Filter>
    </ClInclude>
    <ClInclude Include="..\src\SoundManager.h">
      <Filter>Managers</Filter>
    </ClInclude>
    <ClInclude Include="..\src\TextureManager.h">
      <Filter>Managers</Filter>
    </ClInclude>
    <ClInclude Include="..\src\GameObjectType.h">
      <Filter>Enums</Filter>
    </ClInclude>
    <ClInclude Include="..\src\SceneState.h">
      <Filter>Enums</Filter>
    </ClInclude>
    <ClInclude Include="..\src\Player.h">
      <Filter>Game Objects</Filter>
    </ClInclude>
    <ClInclude Include="..\src\PlayerAnimationState.h">
      <Filter>Enums</Filter>
    </ClInclude>
    <ClInclude Include="..\src\CollisionShape.h">
      <Filter>Enums</Filter>
    </ClInclude>
    <ClInclude Include="..\src\ShapeType.h">
      <Filter>Enums</Filter>
    </ClInclude>
    <ClInclude Include="..\src\Event.h">
      <Filter>Enums</Filter>
    </ClInclude>
    <ClInclude Include="..\src\PlayScene.h">
      <Filter>Scenes</Filter>
    </ClInclude>
    <ClInclude Include="..\src\Button.h">
      <Filter>UI Objects</Filter>
    </ClInclude>
    <ClInclude Include="..\src\Label.h">
      <Filter>UI Objects</Filter>
    </ClInclude>
    <ClInclude Include="..\src\Transform.h">
      <Filter>Components</Filter>
    </ClInclude>
    <ClInclude Include="..\src\RigidBody.h">
      <Filter>Components</Filter>
    </ClInclude>
    <ClInclude Include="..\src\Renderer.h">
      <Filter>Singletons</Filter>
    </ClInclude>
    <ClInclude Include="..\src\Game.h">
      <Filter>Singletons</Filter>
    </ClInclude>
    <ClInclude Include="..\src\EventManager.h">
      <Filter>Managers</Filter>
    </ClInclude>
    <ClInclude Include="..\src\MouseButtons.h">
      <Filter>Enums</Filter>
    </ClInclude>
    <ClInclude Include="..\src\Animation.h">
      <Filter>Core</Filter>
    </ClInclude>
    <ClInclude Include="..\src\Config.h">
      <Filter>Core</Filter>
    </ClInclude>
    <ClInclude Include="..\src\DisplayObject.h">
      <Filter>Core</Filter>
    </ClInclude>
    <ClInclude Include="..\src\Frame.h">
      <Filter>Core</Filter>
    </ClInclude>
    <ClInclude Include="..\src\GameController.h">
      <Filter>Core</Filter>
    </ClInclude>
    <ClInclude Include="..\src\GameObject.h">
      <Filter>Core</Filter>
    </ClInclude>
    <ClInclude Include="..\src\Scene.h">
      <Filter>Core</Filter>
    </ClInclude>
    <ClInclude Include="..\src\SpriteSheet.h">
      <Filter>Core</Filter>
    </ClInclude>
    <ClInclude Include="..\src\Util.h">
      <Filter>Core</Filter>
    </ClInclude>
    <ClInclude Include="..\src\UIControl.h">
      <Filter>Core</Filter>
    </ClInclude>
    <ClInclude Include="..\src\Sprite.h">
      <Filter>Core</Filter>
    </ClInclude>
    <ClInclude Include="..\src\Plane.h">
      <Filter>Game Objects</Filter>
    </ClInclude>
    <ClInclude Include="..\src\SoundType.h">
      <Filter>Enums</Filter>
    </ClInclude>
    <ClInclude Include="..\include\IMGUI_SDL\imgui_sdl.h">
      <Filter>IMGUI</Filter>
    </ClInclude>
    <ClInclude Include="..\include\IMGUI\imconfig.h">
      <Filter>IMGUI</Filter>
    </ClInclude>
    <ClInclude Include="..\include\IMGUI\imgui.h">
      <Filter>IMGUI</Filter>
    </ClInclude>
    <ClInclude Include="..\include\IMGUI\imgui_internal.h">
      <Filter>IMGUI</Filter>
    </ClInclude>
    <ClInclude Include="..\include\IMGUI\imstb_rectpack.h">
      <Filter>IMGUI</Filter>
    </ClInclude>
    <ClInclude Include="..\include\IMGUI\imstb_textedit.h">
      <Filter>IMGUI</Filter>
    </ClInclude>
    <ClInclude Include="..\include\IMGUI\imstb_truetype.h">
      <Filter>IMGUI</Filter>
    </ClInclude>
    <ClInclude Include="..\src\Target.h">
      <Filter>Navigation</Filter>
    </ClInclude>
    <ClInclude Include="..\src\Tile.h">
      <Filter>Navigation</Filter>
    </ClInclude>
    <ClInclude Include="..\src\TileStatus.h">
      <Filter>Enums</Filter>
    </ClInclude>
    <ClInclude Include="..\src\NeighbourTile.h">
      <Filter>Enums</Filter>
    </ClInclude>
    <ClInclude Include="..\src\NavigationObject.h">
      <Filter>Core</Filter>
    </ClInclude>
    <ClInclude Include="..\src\Obstacle.h">
      <Filter>Game Objects</Filter>
    </ClInclude>
    <ClInclude Include="..\src\SpaceShip.h">
      <Filter>Game Objects</Filter>
    </ClInclude>
    <ClInclude Include="..\src\Walls.h">
      <Filter>Navigation</Filter>
    </ClInclude>
    <ClInclude Include="..\src\ship.h">
      <Filter>Game Objects</Filter>
    </ClInclude>
    <ClInclude Include="..\src\Enemy.h">
      <Filter>Decision\Agents</Filter>
    </ClInclude>
    <ClInclude Include="..\src\PatrolAction.h">
      <Filter>Decision\Actions</Filter>
    </ClInclude>
    <ClInclude Include="..\src\MoveToLOSAction.h">
      <Filter>Decision\Actions</Filter>
    </ClInclude>
    <ClInclude Include="..\src\MoveToPlayerAction.h">
      <Filter>Decision\Actions</Filter>
    </ClInclude>
    <ClInclude Include="..\src\LOSCondition.h">
      <Filter>Decision\Conditions</Filter>
    </ClInclude>
    <ClInclude Include="..\src\RadiusCondition.h">
      <Filter>Decision\Conditions</Filter>
    </ClInclude>
    <ClInclude Include="..\src\CloseCombatCondition.h">
      <Filter>Decision\Conditions</Filter>
    </ClInclude>
    <ClInclude Include="..\src\TreeNodeType.h">
      <Filter>Enums</Filter>
    </ClInclude>
    <ClInclude Include="..\src\TreeNode.h">
      <Filter>Decision\Core Compents</Filter>
    </ClInclude>
    <ClInclude Include="..\src\ActionNode.h">
      <Filter>Decision\Core Compents</Filter>
    </ClInclude>
    <ClInclude Include="..\src\ConditionNode.h">
      <Filter>Decision\Core Compents</Filter>
    </ClInclude>
    <ClInclude Include="..\src\Condition.h">
      <Filter>StateMachine\CoreComponents</Filter>
    </ClInclude>
    <ClInclude Include="..\src\FloatCondition.h">
      <Filter>StateMachine\Conditions</Filter>
    </ClInclude>
    <ClInclude Include="..\src\Action.h">
      <Filter>StateMachine\CoreComponents</Filter>
    </ClInclude>
    <ClInclude Include="..\src\Attack.h">
      <Filter>StateMachine\Actions</Filter>
    </ClInclude>
    <ClInclude Include="..\src\Patrol.h">
      <Filter>StateMachine\Actions</Filter>
    </ClInclude>
    <ClInclude Include="..\src\MoveToLOS.h">
      <Filter>StateMachine\Actions</Filter>
    </ClInclude>
    <ClInclude Include="..\src\MoveToPlayer.h">
      <Filter>StateMachine\Actions</Filter>
    </ClInclude>
    <ClInclude Include="..\src\Transition.h">
      <Filter>StateMachine\CoreComponents</Filter>
    </ClInclude>
    <ClInclude Include="..\src\State.h">
      <Filter>StateMachine\CoreComponents</Filter>
    </ClInclude>
    <ClInclude Include="..\src\StateMachine.h">
      <Filter>StateMachine\CoreComponents</Filter>
    </ClInclude>
    <ClInclude Include="..\src\WaitBehindCover.h">
      <Filter>Decision\Actions</Filter>
    </ClInclude>
    <ClInclude Include="..\src\MoveToRange.h">
      <Filter>Decision\Actions</Filter>
    </ClInclude>
    <ClInclude Include="..\src\MoveBehindCover.h">
      <Filter>Decision\Actions</Filter>
    </ClInclude>
    <ClInclude Include="..\src\CloseCombatEnemy.h">
      <Filter>Decision\Agents</Filter>
    </ClInclude>
    <ClInclude Include="..\src\RangedCombatEnemy.h">
      <Filter>Decision\Agents</Filter>
    </ClInclude>
    <ClInclude Include="..\src\RangedCombatCondition.h">
      <Filter>Decision\Conditions</Filter>
    </ClInclude>
    <ClInclude Include="..\src\Agent.h">
      <Filter>Decision\Core Compents</Filter>
    </ClInclude>
    <ClInclude Include="..\src\CCETree.h">
      <Filter>Decision\Trees</Filter>
    </ClInclude>
    <ClInclude Include="..\src\DecisionTree.h">
      <Filter>Decision\Trees</Filter>
    </ClInclude>
    <ClInclude Include="..\src\RCETree.h">
      <Filter>Decision\Trees</Filter>
    </ClInclude>
    <ClInclude Include="..\src\CCEAttackAction.h">
      <Filter>Decision\Actions</Filter>
    </ClInclude>
    <ClInclude Include="..\src\RCEAttackAction.h">
      <Filter>Decision\Actions</Filter>
    </ClInclude>
<<<<<<< Updated upstream
    <ClInclude Include="..\src\Bullet.h">
      <Filter>Game Objects</Filter>
=======
    <ClInclude Include="..\src\Line.h">
      <Filter>Core</Filter>
>>>>>>> Stashed changes
    </ClInclude>
  </ItemGroup>
  <ItemGroup>
    <None Include="..\README.md">
      <Filter>DOCS</Filter>
    </None>
  </ItemGroup>
</Project>